// !$*UTF8*$!
{
	archiveVersion = 1;
	classes = {
	};
	objectVersion = 46;
	objects = {

/* Begin PBXBuildFile section */
		680C9EA414FF68FA003993A5 /* KTOneFingerRotationGestureRecognizer.m in Sources */ = {isa = PBXBuildFile; fileRef = 680C9EA314FF68FA003993A5 /* KTOneFingerRotationGestureRecognizer.m */; };
		6857946714FF674400D75FFB /* UIKit.framework in Frameworks */ = {isa = PBXBuildFile; fileRef = 6857946614FF674400D75FFB /* UIKit.framework */; };
		6857946914FF674400D75FFB /* Foundation.framework in Frameworks */ = {isa = PBXBuildFile; fileRef = 6857946814FF674400D75FFB /* Foundation.framework */; };
		6857946B14FF674400D75FFB /* CoreGraphics.framework in Frameworks */ = {isa = PBXBuildFile; fileRef = 6857946A14FF674400D75FFB /* CoreGraphics.framework */; };
		6857947114FF674400D75FFB /* InfoPlist.strings in Resources */ = {isa = PBXBuildFile; fileRef = 6857946F14FF674400D75FFB /* InfoPlist.strings */; };
		6857947314FF674400D75FFB /* main.m in Sources */ = {isa = PBXBuildFile; fileRef = 6857947214FF674400D75FFB /* main.m */; };
		6857947714FF674400D75FFB /* AppDelegate.m in Sources */ = {isa = PBXBuildFile; fileRef = 6857947614FF674400D75FFB /* AppDelegate.m */; };
		6857947A14FF674400D75FFB /* ViewController.m in Sources */ = {isa = PBXBuildFile; fileRef = 6857947914FF674400D75FFB /* ViewController.m */; };
		6857947D14FF674400D75FFB /* ViewController.xib in Resources */ = {isa = PBXBuildFile; fileRef = 6857947B14FF674400D75FFB /* ViewController.xib */; };
		6857948514FF67E100D75FFB /* knob.png in Resources */ = {isa = PBXBuildFile; fileRef = 6857948314FF67E100D75FFB /* knob.png */; };
		6857948614FF67E100D75FFB /* knob@2x.png in Resources */ = {isa = PBXBuildFile; fileRef = 6857948414FF67E100D75FFB /* knob@2x.png */; };
/* End PBXBuildFile section */

/* Begin PBXFileReference section */
		680C9EA214FF68FA003993A5 /* KTOneFingerRotationGestureRecognizer.h */ = {isa = PBXFileReference; fileEncoding = 4; lastKnownFileType = sourcecode.c.h; name = KTOneFingerRotationGestureRecognizer.h; path = ../../KTOneFingerRotationGestureRecognizer.h; sourceTree = "<group>"; };
		680C9EA314FF68FA003993A5 /* KTOneFingerRotationGestureRecognizer.m */ = {isa = PBXFileReference; fileEncoding = 4; lastKnownFileType = sourcecode.c.objc; name = KTOneFingerRotationGestureRecognizer.m; path = ../../KTOneFingerRotationGestureRecognizer.m; sourceTree = "<group>"; };
		6857946214FF674400D75FFB /* KnobSample.app */ = {isa = PBXFileReference; explicitFileType = wrapper.application; includeInIndex = 0; path = KnobSample.app; sourceTree = BUILT_PRODUCTS_DIR; };
		6857946614FF674400D75FFB /* UIKit.framework */ = {isa = PBXFileReference; lastKnownFileType = wrapper.framework; name = UIKit.framework; path = System/Library/Frameworks/UIKit.framework; sourceTree = SDKROOT; };
		6857946814FF674400D75FFB /* Foundation.framework */ = {isa = PBXFileReference; lastKnownFileType = wrapper.framework; name = Foundation.framework; path = System/Library/Frameworks/Foundation.framework; sourceTree = SDKROOT; };
		6857946A14FF674400D75FFB /* CoreGraphics.framework */ = {isa = PBXFileReference; lastKnownFileType = wrapper.framework; name = CoreGraphics.framework; path = System/Library/Frameworks/CoreGraphics.framework; sourceTree = SDKROOT; };
		6857946E14FF674400D75FFB /* KnobSample-Info.plist */ = {isa = PBXFileReference; lastKnownFileType = text.plist.xml; path = "KnobSample-Info.plist"; sourceTree = "<group>"; };
		6857947014FF674400D75FFB /* en */ = {isa = PBXFileReference; lastKnownFileType = text.plist.strings; name = en; path = en.lproj/InfoPlist.strings; sourceTree = "<group>"; };
		6857947214FF674400D75FFB /* main.m */ = {isa = PBXFileReference; lastKnownFileType = sourcecode.c.objc; path = main.m; sourceTree = "<group>"; };
		6857947414FF674400D75FFB /* KnobSample-Prefix.pch */ = {isa = PBXFileReference; lastKnownFileType = sourcecode.c.h; path = "KnobSample-Prefix.pch"; sourceTree = "<group>"; };
		6857947514FF674400D75FFB /* AppDelegate.h */ = {isa = PBXFileReference; lastKnownFileType = sourcecode.c.h; path = AppDelegate.h; sourceTree = "<group>"; };
		6857947614FF674400D75FFB /* AppDelegate.m */ = {isa = PBXFileReference; lastKnownFileType = sourcecode.c.objc; path = AppDelegate.m; sourceTree = "<group>"; };
		6857947814FF674400D75FFB /* ViewController.h */ = {isa = PBXFileReference; lastKnownFileType = sourcecode.c.h; path = ViewController.h; sourceTree = "<group>"; };
		6857947914FF674400D75FFB /* ViewController.m */ = {isa = PBXFileReference; lastKnownFileType = sourcecode.c.objc; path = ViewController.m; sourceTree = "<group>"; };
		6857947C14FF674400D75FFB /* en */ = {isa = PBXFileReference; lastKnownFileType = file.xib; name = en; path = en.lproj/ViewController.xib; sourceTree = "<group>"; };
		6857948314FF67E100D75FFB /* knob.png */ = {isa = PBXFileReference; lastKnownFileType = image.png; path = knob.png; sourceTree = "<group>"; };
		6857948414FF67E100D75FFB /* knob@2x.png */ = {isa = PBXFileReference; lastKnownFileType = image.png; path = "knob@2x.png"; sourceTree = "<group>"; };
/* End PBXFileReference section */

/* Begin PBXFrameworksBuildPhase section */
		6857945F14FF674400D75FFB /* Frameworks */ = {
			isa = PBXFrameworksBuildPhase;
			buildActionMask = 2147483647;
			files = (
				6857946714FF674400D75FFB /* UIKit.framework in Frameworks */,
				6857946914FF674400D75FFB /* Foundation.framework in Frameworks */,
				6857946B14FF674400D75FFB /* CoreGraphics.framework in Frameworks */,
			);
			runOnlyForDeploymentPostprocessing = 0;
		};
/* End PBXFrameworksBuildPhase section */

/* Begin PBXGroup section */
		6857945714FF674300D75FFB = {
			isa = PBXGroup;
			children = (
				6857946C14FF674400D75FFB /* KnobSample */,
				6857946514FF674400D75FFB /* Frameworks */,
				6857946314FF674400D75FFB /* Products */,
			);
			sourceTree = "<group>";
		};
		6857946314FF674400D75FFB /* Products */ = {
			isa = PBXGroup;
			children = (
				6857946214FF674400D75FFB /* KnobSample.app */,
			);
			name = Products;
			sourceTree = "<group>";
		};
		6857946514FF674400D75FFB /* Frameworks */ = {
			isa = PBXGroup;
			children = (
				6857946614FF674400D75FFB /* UIKit.framework */,
				6857946814FF674400D75FFB /* Foundation.framework */,
				6857946A14FF674400D75FFB /* CoreGraphics.framework */,
			);
			name = Frameworks;
			sourceTree = "<group>";
		};
		6857946C14FF674400D75FFB /* KnobSample */ = {
			isa = PBXGroup;
			children = (
				6857947514FF674400D75FFB /* AppDelegate.h */,
				6857947614FF674400D75FFB /* AppDelegate.m */,
				6857947814FF674400D75FFB /* ViewController.h */,
				6857947914FF674400D75FFB /* ViewController.m */,
				6857947B14FF674400D75FFB /* ViewController.xib */,
				6857948314FF67E100D75FFB /* knob.png */,
				6857948414FF67E100D75FFB /* knob@2x.png */,
				680C9EA214FF68FA003993A5 /* KTOneFingerRotationGestureRecognizer.h */,
				680C9EA314FF68FA003993A5 /* KTOneFingerRotationGestureRecognizer.m */,
				6857946D14FF674400D75FFB /* Supporting Files */,
			);
			path = KnobSample;
			sourceTree = "<group>";
		};
		6857946D14FF674400D75FFB /* Supporting Files */ = {
			isa = PBXGroup;
			children = (
				6857946E14FF674400D75FFB /* KnobSample-Info.plist */,
				6857946F14FF674400D75FFB /* InfoPlist.strings */,
				6857947214FF674400D75FFB /* main.m */,
				6857947414FF674400D75FFB /* KnobSample-Prefix.pch */,
			);
			name = "Supporting Files";
			sourceTree = "<group>";
		};
/* End PBXGroup section */

/* Begin PBXNativeTarget section */
		6857946114FF674400D75FFB /* KnobSample */ = {
			isa = PBXNativeTarget;
			buildConfigurationList = 6857948014FF674400D75FFB /* Build configuration list for PBXNativeTarget "KnobSample" */;
			buildPhases = (
				6857945E14FF674400D75FFB /* Sources */,
				6857945F14FF674400D75FFB /* Frameworks */,
				6857946014FF674400D75FFB /* Resources */,
			);
			buildRules = (
			);
			dependencies = (
			);
			name = KnobSample;
			productName = KnobSample;
			productReference = 6857946214FF674400D75FFB /* KnobSample.app */;
			productType = "com.apple.product-type.application";
		};
/* End PBXNativeTarget section */

/* Begin PBXProject section */
		6857945914FF674300D75FFB /* Project object */ = {
			isa = PBXProject;
			attributes = {
				LastUpgradeCheck = 0430;
				ORGANIZATIONNAME = "White Peak Software Inc.";
			};
			buildConfigurationList = 6857945C14FF674300D75FFB /* Build configuration list for PBXProject "KnobSample" */;
			compatibilityVersion = "Xcode 3.2";
			developmentRegion = English;
			hasScannedForEncodings = 0;
			knownRegions = (
				en,
			);
			mainGroup = 6857945714FF674300D75FFB;
			productRefGroup = 6857946314FF674400D75FFB /* Products */;
			projectDirPath = "";
			projectRoot = "";
			targets = (
				6857946114FF674400D75FFB /* KnobSample */,
			);
		};
/* End PBXProject section */

/* Begin PBXResourcesBuildPhase section */
		6857946014FF674400D75FFB /* Resources */ = {
			isa = PBXResourcesBuildPhase;
			buildActionMask = 2147483647;
			files = (
				6857947114FF674400D75FFB /* InfoPlist.strings in Resources */,
				6857947D14FF674400D75FFB /* ViewController.xib in Resources */,
				6857948514FF67E100D75FFB /* knob.png in Resources */,
				6857948614FF67E100D75FFB /* knob@2x.png in Resources */,
			);
			runOnlyForDeploymentPostprocessing = 0;
		};
/* End PBXResourcesBuildPhase section */

/* Begin PBXSourcesBuildPhase section */
		6857945E14FF674400D75FFB /* Sources */ = {
			isa = PBXSourcesBuildPhase;
			buildActionMask = 2147483647;
			files = (
				6857947314FF674400D75FFB /* main.m in Sources */,
				6857947714FF674400D75FFB /* AppDelegate.m in Sources */,
				6857947A14FF674400D75FFB /* ViewController.m in Sources */,
				680C9EA414FF68FA003993A5 /* KTOneFingerRotationGestureRecognizer.m in Sources */,
			);
			runOnlyForDeploymentPostprocessing = 0;
		};
/* End PBXSourcesBuildPhase section */

/* Begin PBXVariantGroup section */
		6857946F14FF674400D75FFB /* InfoPlist.strings */ = {
			isa = PBXVariantGroup;
			children = (
				6857947014FF674400D75FFB /* en */,
			);
			name = InfoPlist.strings;
			sourceTree = "<group>";
		};
		6857947B14FF674400D75FFB /* ViewController.xib */ = {
			isa = PBXVariantGroup;
			children = (
				6857947C14FF674400D75FFB /* en */,
			);
			name = ViewController.xib;
			sourceTree = "<group>";
		};
/* End PBXVariantGroup section */

/* Begin XCBuildConfiguration section */
		6857947E14FF674400D75FFB /* Debug */ = {
			isa = XCBuildConfiguration;
			buildSettings = {
				ALWAYS_SEARCH_USER_PATHS = NO;
				ARCHS = "$(ARCHS_STANDARD_32_BIT)";
				CLANG_ENABLE_OBJC_ARC = YES;
				"CODE_SIGN_IDENTITY[sdk=iphoneos*]" = "iPhone Developer";
				COPY_PHASE_STRIP = NO;
				GCC_C_LANGUAGE_STANDARD = gnu99;
				GCC_DYNAMIC_NO_PIC = NO;
				GCC_OPTIMIZATION_LEVEL = 0;
				GCC_PREPROCESSOR_DEFINITIONS = (
					"DEBUG=1",
					"$(inherited)",
				);
				GCC_SYMBOLS_PRIVATE_EXTERN = NO;
				GCC_VERSION = com.apple.compilers.llvm.clang.1_0;
				GCC_WARN_ABOUT_RETURN_TYPE = YES;
				GCC_WARN_UNINITIALIZED_AUTOS = YES;
				GCC_WARN_UNUSED_VARIABLE = YES;
				IPHONEOS_DEPLOYMENT_TARGET = 5.0;
				SDKROOT = iphoneos;
			};
			name = Debug;
		};
		6857947F14FF674400D75FFB /* Release */ = {
			isa = XCBuildConfiguration;
			buildSettings = {
				ALWAYS_SEARCH_USER_PATHS = NO;
				ARCHS = "$(ARCHS_STANDARD_32_BIT)";
				CLANG_ENABLE_OBJC_ARC = YES;
				"CODE_SIGN_IDENTITY[sdk=iphoneos*]" = "iPhone Developer";
				COPY_PHASE_STRIP = YES;
				GCC_C_LANGUAGE_STANDARD = gnu99;
				GCC_VERSION = com.apple.compilers.llvm.clang.1_0;
				GCC_WARN_ABOUT_RETURN_TYPE = YES;
				GCC_WARN_UNINITIALIZED_AUTOS = YES;
				GCC_WARN_UNUSED_VARIABLE = YES;
				IPHONEOS_DEPLOYMENT_TARGET = 5.0;
				OTHER_CFLAGS = "-DNS_BLOCK_ASSERTIONS=1";
				SDKROOT = iphoneos;
				VALIDATE_PRODUCT = YES;
			};
			name = Release;
		};
		6857948114FF674400D75FFB /* Debug */ = {
			isa = XCBuildConfiguration;
			buildSettings = {
				GCC_PRECOMPILE_PREFIX_HEADER = YES;
				GCC_PREFIX_HEADER = "KnobSample/KnobSample-Prefix.pch";
				INFOPLIST_FILE = "KnobSample/KnobSample-Info.plist";
				PRODUCT_NAME = "$(TARGET_NAME)";
				WRAPPER_EXTENSION = app;
			};
			name = Debug;
		};
		6857948214FF674400D75FFB /* Release */ = {
			isa = XCBuildConfiguration;
			buildSettings = {
				GCC_PRECOMPILE_PREFIX_HEADER = YES;
				GCC_PREFIX_HEADER = "KnobSample/KnobSample-Prefix.pch";
				INFOPLIST_FILE = "KnobSample/KnobSample-Info.plist";
				PRODUCT_NAME = "$(TARGET_NAME)";
				WRAPPER_EXTENSION = app;
			};
			name = Release;
		};
/* End XCBuildConfiguration section */

/* Begin XCConfigurationList section */
		6857945C14FF674300D75FFB /* Build configuration list for PBXProject "KnobSample" */ = {
			isa = XCConfigurationList;
			buildConfigurations = (
				6857947E14FF674400D75FFB /* Debug */,
				6857947F14FF674400D75FFB /* Release */,
			);
			defaultConfigurationIsVisible = 0;
			defaultConfigurationName = Release;
		};
		6857948014FF674400D75FFB /* Build configuration list for PBXNativeTarget "KnobSample" */ = {
			isa = XCConfigurationList;
			buildConfigurations = (
				6857948114FF674400D75FFB /* Debug */,
				6857948214FF674400D75FFB /* Release */,
			);
			defaultConfigurationIsVisible = 0;
			defaultConfigurationName = Release;
		};
/* End XCConfigurationList section */
	};
	rootObject = 6857945914FF674300D75FFB /* Project object */;
}
